
Microsoft Visual Studio Solution File, Format Version 12.00
# Visual Studio Version 17
VisualStudioVersion = 17.5.33516.290
MinimumVisualStudioVersion = 10.0.40219.1
Project("{FAE04EC0-301F-11D3-BF4B-00C04F79EFBC}") = "csharp-lista-indirizzi", "csharp-lista-indirizzi\csharp-lista-indirizzi.csproj", "{7504F4A5-4124-450A-AD64-A3C5D4ED2093}"
EndProject
Global
	GlobalSection(SolutionConfigurationPlatforms) = preSolution
		Debug|Any CPU = Debug|Any CPU
		Release|Any CPU = Release|Any CPU
	EndGlobalSection
	GlobalSection(ProjectConfigurationPlatforms) = postSolution
		{7504F4A5-4124-450A-AD64-A3C5D4ED2093}.Debug|Any CPU.ActiveCfg = Debug|Any CPU
		{7504F4A5-4124-450A-AD64-A3C5D4ED2093}.Debug|Any CPU.Build.0 = Debug|Any CPU
		{7504F4A5-4124-450A-AD64-A3C5D4ED2093}.Release|Any CPU.ActiveCfg = Release|Any CPU
		{7504F4A5-4124-450A-AD64-A3C5D4ED2093}.Release|Any CPU.Build.0 = Release|Any CPU
	EndGlobalSection
	GlobalSection(SolutionProperties) = preSolution
		HideSolutionNode = FALSE
	EndGlobalSection
	GlobalSection(ExtensibilityGlobals) = postSolution
		SolutionGuid = {4EB3D62E-2123-4CEC-9A38-055B37A4B3A9}
	EndGlobalSection
EndGlobal
